
Microsoft Visual Studio Solution File, Format Version 12.00
# Visual Studio Version 16
VisualStudioVersion = 16.0.30717.126
MinimumVisualStudioVersion = 10.0.40219.1
Project("{9A19103F-16F7-4668-BE54-9A1E7A4F7556}") = "Bieren.WPF", "Bieren.WPF\Bieren.WPF.csproj", "{14867D8A-E8A0-47A8-9B56-7472EEA29060}"
EndProject
Project("{9A19103F-16F7-4668-BE54-9A1E7A4F7556}") = "Bieren.DataLayer", "Bieren.DataLayer\Bieren.DataLayer.csproj", "{ABDA78D0-D018-4717-B347-F7413EB6CE8F}"
EndProject
Project("{9A19103F-16F7-4668-BE54-9A1E7A4F7556}") = "Bieren.BusinessLayer", "Bieren.BusinessLayer\Bieren.BusinessLayer.csproj", "{83C9247C-C592-4E40-A3FB-BCA2DC6E4401}"
EndProject
Project("{FAE04EC0-301F-11D3-BF4B-00C04F79EFBC}") = "Entities", "Entities\Entities.csproj", "{25F5F960-F894-4C32-A66B-C28C52A247E2}"
EndProject
Project("{FAE04EC0-301F-11D3-BF4B-00C04F79EFBC}") = "Repository", "Repository\Repository.csproj", "{EF039575-DA8D-4B74-A267-1973CF7BB320}"
EndProject
Project("{FAE04EC0-301F-11D3-BF4B-00C04F79EFBC}") = "Contracts", "Contracts\Contracts.csproj", "{EA03A63A-E587-43D7-884A-837C0537579A}"
EndProject
Project("{FAE04EC0-301F-11D3-BF4B-00C04F79EFBC}") = "Bieren.MVC", "Bieren.MVC\Bieren.MVC.csproj", "{0C4D4855-2E2A-4B7F-B540-5BF4C4C7F6BD}"
EndProject
Global
	GlobalSection(SolutionConfigurationPlatforms) = preSolution
		Debug|Any CPU = Debug|Any CPU
		Release|Any CPU = Release|Any CPU
	EndGlobalSection
	GlobalSection(ProjectConfigurationPlatforms) = postSolution
		{14867D8A-E8A0-47A8-9B56-7472EEA29060}.Debug|Any CPU.ActiveCfg = Debug|Any CPU
		{14867D8A-E8A0-47A8-9B56-7472EEA29060}.Debug|Any CPU.Build.0 = Debug|Any CPU
		{14867D8A-E8A0-47A8-9B56-7472EEA29060}.Release|Any CPU.ActiveCfg = Release|Any CPU
		{14867D8A-E8A0-47A8-9B56-7472EEA29060}.Release|Any CPU.Build.0 = Release|Any CPU
		{ABDA78D0-D018-4717-B347-F7413EB6CE8F}.Debug|Any CPU.ActiveCfg = Debug|Any CPU
		{ABDA78D0-D018-4717-B347-F7413EB6CE8F}.Debug|Any CPU.Build.0 = Debug|Any CPU
		{ABDA78D0-D018-4717-B347-F7413EB6CE8F}.Release|Any CPU.ActiveCfg = Release|Any CPU
		{ABDA78D0-D018-4717-B347-F7413EB6CE8F}.Release|Any CPU.Build.0 = Release|Any CPU
		{83C9247C-C592-4E40-A3FB-BCA2DC6E4401}.Debug|Any CPU.ActiveCfg = Debug|Any CPU
		{83C9247C-C592-4E40-A3FB-BCA2DC6E4401}.Debug|Any CPU.Build.0 = Debug|Any CPU
		{83C9247C-C592-4E40-A3FB-BCA2DC6E4401}.Release|Any CPU.ActiveCfg = Release|Any CPU
		{83C9247C-C592-4E40-A3FB-BCA2DC6E4401}.Release|Any CPU.Build.0 = Release|Any CPU
		{25F5F960-F894-4C32-A66B-C28C52A247E2}.Debug|Any CPU.ActiveCfg = Debug|Any CPU
		{25F5F960-F894-4C32-A66B-C28C52A247E2}.Debug|Any CPU.Build.0 = Debug|Any CPU
		{25F5F960-F894-4C32-A66B-C28C52A247E2}.Release|Any CPU.ActiveCfg = Release|Any CPU
		{25F5F960-F894-4C32-A66B-C28C52A247E2}.Release|Any CPU.Build.0 = Release|Any CPU
		{EF039575-DA8D-4B74-A267-1973CF7BB320}.Debug|Any CPU.ActiveCfg = Debug|Any CPU
		{EF039575-DA8D-4B74-A267-1973CF7BB320}.Debug|Any CPU.Build.0 = Debug|Any CPU
		{EF039575-DA8D-4B74-A267-1973CF7BB320}.Release|Any CPU.ActiveCfg = Release|Any CPU
		{EF039575-DA8D-4B74-A267-1973CF7BB320}.Release|Any CPU.Build.0 = Release|Any CPU
		{EA03A63A-E587-43D7-884A-837C0537579A}.Debug|Any CPU.ActiveCfg = Debug|Any CPU
		{EA03A63A-E587-43D7-884A-837C0537579A}.Debug|Any CPU.Build.0 = Debug|Any CPU
		{EA03A63A-E587-43D7-884A-837C0537579A}.Release|Any CPU.ActiveCfg = Release|Any CPU
		{EA03A63A-E587-43D7-884A-837C0537579A}.Release|Any CPU.Build.0 = Release|Any CPU
		{0C4D4855-2E2A-4B7F-B540-5BF4C4C7F6BD}.Debug|Any CPU.ActiveCfg = Debug|Any CPU
		{0C4D4855-2E2A-4B7F-B540-5BF4C4C7F6BD}.Debug|Any CPU.Build.0 = Debug|Any CPU
		{0C4D4855-2E2A-4B7F-B540-5BF4C4C7F6BD}.Release|Any CPU.ActiveCfg = Release|Any CPU
		{0C4D4855-2E2A-4B7F-B540-5BF4C4C7F6BD}.Release|Any CPU.Build.0 = Release|Any CPU
	EndGlobalSection
	GlobalSection(SolutionProperties) = preSolution
		HideSolutionNode = FALSE
	EndGlobalSection
	GlobalSection(ExtensibilityGlobals) = postSolution
		SolutionGuid = {94E646E4-288E-4296-A5C4-D18AFE5CB6F4}
	EndGlobalSection
EndGlobal
