
Microsoft Visual Studio Solution File, Format Version 12.00
# Visual Studio Version 16
VisualStudioVersion = 16.0.31005.135
MinimumVisualStudioVersion = 10.0.40219.1
Project("{9A19103F-16F7-4668-BE54-9A1E7A4F7556}") = "Bieren.WPF", "Bieren.WPF.csproj", "{91622A40-AF22-42CD-B722-F769A5A18738}"
EndProject
Global
	GlobalSection(SolutionConfigurationPlatforms) = preSolution
		Debug|Any CPU = Debug|Any CPU
		Release|Any CPU = Release|Any CPU
	EndGlobalSection
	GlobalSection(ProjectConfigurationPlatforms) = postSolution
		{91622A40-AF22-42CD-B722-F769A5A18738}.Debug|Any CPU.ActiveCfg = Debug|Any CPU
		{91622A40-AF22-42CD-B722-F769A5A18738}.Debug|Any CPU.Build.0 = Debug|Any CPU
		{91622A40-AF22-42CD-B722-F769A5A18738}.Release|Any CPU.ActiveCfg = Release|Any CPU
		{91622A40-AF22-42CD-B722-F769A5A18738}.Release|Any CPU.Build.0 = Release|Any CPU
	EndGlobalSection
	GlobalSection(SolutionProperties) = preSolution
		HideSolutionNode = FALSE
	EndGlobalSection
	GlobalSection(ExtensibilityGlobals) = postSolution
		SolutionGuid = {B001C1A1-17D9-4F20-976D-73243D1D895F}
	EndGlobalSection
EndGlobal
